
Microsoft Visual Studio Solution File, Format Version 12.00
# Visual Studio Version 17
VisualStudioVersion = 17.14.36221.1 d17.14
MinimumVisualStudioVersion = 10.0.40219.1
Project("{FAE04EC0-301F-11D3-BF4B-00C04F79EFBC}") = "Theme08_Task01", "Theme08_Task01\Theme08_Task01.csproj", "{FF646D5E-2271-48D8-AFF4-4085CD545574}"
EndProject
Global
	GlobalSection(SolutionConfigurationPlatforms) = preSolution
		Debug|Any CPU = Debug|Any CPU
		Release|Any CPU = Release|Any CPU
	EndGlobalSection
	GlobalSection(ProjectConfigurationPlatforms) = postSolution
		{FF646D5E-2271-48D8-AFF4-4085CD545574}.Debug|Any CPU.ActiveCfg = Debug|Any CPU
		{FF646D5E-2271-48D8-AFF4-4085CD545574}.Debug|Any CPU.Build.0 = Debug|Any CPU
		{FF646D5E-2271-48D8-AFF4-4085CD545574}.Release|Any CPU.ActiveCfg = Release|Any CPU
		{FF646D5E-2271-48D8-AFF4-4085CD545574}.Release|Any CPU.Build.0 = Release|Any CPU
	EndGlobalSection
	GlobalSection(SolutionProperties) = preSolution
		HideSolutionNode = FALSE
	EndGlobalSection
	GlobalSection(ExtensibilityGlobals) = postSolution
		SolutionGuid = {1F9F8F4A-9AE3-48AD-BC1E-726A7C56E89A}
	EndGlobalSection
EndGlobal
