
Microsoft Visual Studio Solution File, Format Version 12.00
# Visual Studio Version 17
VisualStudioVersion = 17.14.36221.1 d17.14
MinimumVisualStudioVersion = 10.0.40219.1
Project("{FAE04EC0-301F-11D3-BF4B-00C04F79EFBC}") = "Theme04_Task01", "Theme04_Task01\Theme04_Task01.csproj", "{58A428B6-6439-4E5C-BE16-E955AAC6AB8F}"
EndProject
Global
	GlobalSection(SolutionConfigurationPlatforms) = preSolution
		Debug|Any CPU = Debug|Any CPU
		Release|Any CPU = Release|Any CPU
	EndGlobalSection
	GlobalSection(ProjectConfigurationPlatforms) = postSolution
		{58A428B6-6439-4E5C-BE16-E955AAC6AB8F}.Debug|Any CPU.ActiveCfg = Debug|Any CPU
		{58A428B6-6439-4E5C-BE16-E955AAC6AB8F}.Debug|Any CPU.Build.0 = Debug|Any CPU
		{58A428B6-6439-4E5C-BE16-E955AAC6AB8F}.Release|Any CPU.ActiveCfg = Release|Any CPU
		{58A428B6-6439-4E5C-BE16-E955AAC6AB8F}.Release|Any CPU.Build.0 = Release|Any CPU
	EndGlobalSection
	GlobalSection(SolutionProperties) = preSolution
		HideSolutionNode = FALSE
	EndGlobalSection
	GlobalSection(ExtensibilityGlobals) = postSolution
		SolutionGuid = {EBBB9ED0-2E91-441A-AE49-7A396D7EDDBB}
	EndGlobalSection
EndGlobal
