
Microsoft Visual Studio Solution File, Format Version 12.00
# Visual Studio Version 17
VisualStudioVersion = 17.14.36221.1
MinimumVisualStudioVersion = 10.0.40219.1
Project("{FAE04EC0-301F-11D3-BF4B-00C04F79EFBC}") = "Theme01_Task01", "Theme01_Task01\Theme01_Task01.csproj", "{D5BFE8BF-11B4-4E15-AB49-39F42573F451}"
EndProject
Project("{FAE04EC0-301F-11D3-BF4B-00C04F79EFBC}") = "Theme01_Task02", "Theme01_Task02\Theme01_Task02.csproj", "{6A9FAD71-E40A-4BB1-8970-B68CC03D3074}"
EndProject
Project("{FAE04EC0-301F-11D3-BF4B-00C04F79EFBC}") = "Theme01_Task03", "Theme01_Task03\Theme01_Task03.csproj", "{82801AD5-2D40-41A8-B299-CCCF410F875C}"
EndProject
Global
	GlobalSection(SolutionConfigurationPlatforms) = preSolution
		Debug|Any CPU = Debug|Any CPU
		Release|Any CPU = Release|Any CPU
	EndGlobalSection
	GlobalSection(ProjectConfigurationPlatforms) = postSolution
		{D5BFE8BF-11B4-4E15-AB49-39F42573F451}.Debug|Any CPU.ActiveCfg = Debug|Any CPU
		{D5BFE8BF-11B4-4E15-AB49-39F42573F451}.Debug|Any CPU.Build.0 = Debug|Any CPU
		{D5BFE8BF-11B4-4E15-AB49-39F42573F451}.Release|Any CPU.ActiveCfg = Release|Any CPU
		{D5BFE8BF-11B4-4E15-AB49-39F42573F451}.Release|Any CPU.Build.0 = Release|Any CPU
		{6A9FAD71-E40A-4BB1-8970-B68CC03D3074}.Debug|Any CPU.ActiveCfg = Debug|Any CPU
		{6A9FAD71-E40A-4BB1-8970-B68CC03D3074}.Debug|Any CPU.Build.0 = Debug|Any CPU
		{6A9FAD71-E40A-4BB1-8970-B68CC03D3074}.Release|Any CPU.ActiveCfg = Release|Any CPU
		{6A9FAD71-E40A-4BB1-8970-B68CC03D3074}.Release|Any CPU.Build.0 = Release|Any CPU
		{82801AD5-2D40-41A8-B299-CCCF410F875C}.Debug|Any CPU.ActiveCfg = Debug|Any CPU
		{82801AD5-2D40-41A8-B299-CCCF410F875C}.Debug|Any CPU.Build.0 = Debug|Any CPU
		{82801AD5-2D40-41A8-B299-CCCF410F875C}.Release|Any CPU.ActiveCfg = Release|Any CPU
		{82801AD5-2D40-41A8-B299-CCCF410F875C}.Release|Any CPU.Build.0 = Release|Any CPU
	EndGlobalSection
	GlobalSection(SolutionProperties) = preSolution
		HideSolutionNode = FALSE
	EndGlobalSection
	GlobalSection(ExtensibilityGlobals) = postSolution
		SolutionGuid = {CE91A3A3-402A-4096-BC2B-534BF15AAB25}
	EndGlobalSection
EndGlobal
